
Microsoft Visual Studio Solution File, Format Version 12.00
# Visual Studio 15
VisualStudioVersion = 15.0.28307.572
MinimumVisualStudioVersion = 10.0.40219.1
Project("{FAE04EC0-301F-11D3-BF4B-00C04F79EFBC}") = "WebApiFilmsCollection", "WebApiFilmsCollection\WebApiFilmsCollection.csproj", "{26ACB3E0-353A-4D92-90A4-2515807B20D9}"
EndProject
Project("{FAE04EC0-301F-11D3-BF4B-00C04F79EFBC}") = "WebApiFilmsCollection.Core", "WebApiFilmsCollection.Core\WebApiFilmsCollection.Core.csproj", "{6BCF526F-0087-4C75-B2A9-D750E0EF3A7B}"
EndProject
Project("{FAE04EC0-301F-11D3-BF4B-00C04F79EFBC}") = "WebApiFilmsCollection.Application", "WebApiFilmsCollection.Application\WebApiFilmsCollection.Application.csproj", "{6D7D1EB8-58E5-4B23-9E4F-91440189A45D}"
EndProject
Project("{FAE04EC0-301F-11D3-BF4B-00C04F79EFBC}") = "WebApiFilmsCollection.Infra", "WebApiFilmsCollection.Infra\WebApiFilmsCollection.Infra.csproj", "{35D8E57B-FDF9-412B-B6CF-8C6E31BC52BD}"
EndProject
Global
	GlobalSection(SolutionConfigurationPlatforms) = preSolution
		Debug|Any CPU = Debug|Any CPU
		Release|Any CPU = Release|Any CPU
	EndGlobalSection
	GlobalSection(ProjectConfigurationPlatforms) = postSolution
		{26ACB3E0-353A-4D92-90A4-2515807B20D9}.Debug|Any CPU.ActiveCfg = Debug|Any CPU
		{26ACB3E0-353A-4D92-90A4-2515807B20D9}.Debug|Any CPU.Build.0 = Debug|Any CPU
		{26ACB3E0-353A-4D92-90A4-2515807B20D9}.Release|Any CPU.ActiveCfg = Release|Any CPU
		{26ACB3E0-353A-4D92-90A4-2515807B20D9}.Release|Any CPU.Build.0 = Release|Any CPU
		{6BCF526F-0087-4C75-B2A9-D750E0EF3A7B}.Debug|Any CPU.ActiveCfg = Debug|Any CPU
		{6BCF526F-0087-4C75-B2A9-D750E0EF3A7B}.Debug|Any CPU.Build.0 = Debug|Any CPU
		{6BCF526F-0087-4C75-B2A9-D750E0EF3A7B}.Release|Any CPU.ActiveCfg = Release|Any CPU
		{6BCF526F-0087-4C75-B2A9-D750E0EF3A7B}.Release|Any CPU.Build.0 = Release|Any CPU
		{6D7D1EB8-58E5-4B23-9E4F-91440189A45D}.Debug|Any CPU.ActiveCfg = Debug|Any CPU
		{6D7D1EB8-58E5-4B23-9E4F-91440189A45D}.Debug|Any CPU.Build.0 = Debug|Any CPU
		{6D7D1EB8-58E5-4B23-9E4F-91440189A45D}.Release|Any CPU.ActiveCfg = Release|Any CPU
		{6D7D1EB8-58E5-4B23-9E4F-91440189A45D}.Release|Any CPU.Build.0 = Release|Any CPU
		{35D8E57B-FDF9-412B-B6CF-8C6E31BC52BD}.Debug|Any CPU.ActiveCfg = Debug|Any CPU
		{35D8E57B-FDF9-412B-B6CF-8C6E31BC52BD}.Debug|Any CPU.Build.0 = Debug|Any CPU
		{35D8E57B-FDF9-412B-B6CF-8C6E31BC52BD}.Release|Any CPU.ActiveCfg = Release|Any CPU
		{35D8E57B-FDF9-412B-B6CF-8C6E31BC52BD}.Release|Any CPU.Build.0 = Release|Any CPU
	EndGlobalSection
	GlobalSection(SolutionProperties) = preSolution
		HideSolutionNode = FALSE
	EndGlobalSection
	GlobalSection(ExtensibilityGlobals) = postSolution
		SolutionGuid = {0E2D8FBD-9976-46E8-98FD-887D22335219}
	EndGlobalSection
EndGlobal
